
Microsoft Visual Studio Solution File, Format Version 12.00
# Visual Studio Version 17
VisualStudioVersion = 17.5.33530.505
MinimumVisualStudioVersion = 10.0.40219.1
Project("{9A19103F-16F7-4668-BE54-9A1E7A4F7556}") = "Tests", "Tests\Tests.csproj", "{4835F4F7-09AA-4510-BCE0-9BB45D08B861}"
EndProject
Project("{2150E333-8FDC-42A3-9474-1A3956D46DE8}") = "Solution Items", "Solution Items", "{E34B614D-5D00-461A-BDF0-8955906A1245}"
	ProjectSection(SolutionItems) = preProject
		..\readme.md = ..\readme.md
		..\template-setup.md = ..\template-setup.md
	EndProjectSection
EndProject
Project("{FAE04EC0-301F-11D3-BF4B-00C04F79EFBC}") = "HeadlessIdeMcp.Core", "HeadlessIdeMcp.Core\HeadlessIdeMcp.Core.csproj", "{5E32A754-147F-4412-BD44-778FFB2147D7}"
EndProject
Project("{FAE04EC0-301F-11D3-BF4B-00C04F79EFBC}") = "HeadlessIdeMcp.Server", "HeadlessIdeMcp.Server\HeadlessIdeMcp.Server.csproj", "{EBC1D19C-48BC-45CE-B928-FC8CF0B9782C}"
EndProject
Project("{FAE04EC0-301F-11D3-BF4B-00C04F79EFBC}") = "HeadlessIdeMcp.IntegrationTests", "HeadlessIdeMcp.IntegrationTests\HeadlessIdeMcp.IntegrationTests.csproj", "{296D227F-B752-4A74-BC67-60D9AA585F79}"
EndProject
Project("{FAE04EC0-301F-11D3-BF4B-00C04F79EFBC}") = "HeadlessIdeMcp.Bridge", "HeadlessIdeMcp.Bridge\HeadlessIdeMcp.Bridge.csproj", "{856F7C34-C05E-4F26-9D7E-2F19DED574E1}"
EndProject
Global
	GlobalSection(SolutionConfigurationPlatforms) = preSolution
		Debug|Any CPU = Debug|Any CPU
		Release|Any CPU = Release|Any CPU
	EndGlobalSection
	GlobalSection(ProjectConfigurationPlatforms) = postSolution
		{4835F4F7-09AA-4510-BCE0-9BB45D08B861}.Debug|Any CPU.ActiveCfg = Debug|Any CPU
		{4835F4F7-09AA-4510-BCE0-9BB45D08B861}.Debug|Any CPU.Build.0 = Debug|Any CPU
		{4835F4F7-09AA-4510-BCE0-9BB45D08B861}.Release|Any CPU.ActiveCfg = Release|Any CPU
		{4835F4F7-09AA-4510-BCE0-9BB45D08B861}.Release|Any CPU.Build.0 = Release|Any CPU
		{5E32A754-147F-4412-BD44-778FFB2147D7}.Debug|Any CPU.ActiveCfg = Debug|Any CPU
		{5E32A754-147F-4412-BD44-778FFB2147D7}.Debug|Any CPU.Build.0 = Debug|Any CPU
		{5E32A754-147F-4412-BD44-778FFB2147D7}.Release|Any CPU.ActiveCfg = Release|Any CPU
		{5E32A754-147F-4412-BD44-778FFB2147D7}.Release|Any CPU.Build.0 = Release|Any CPU
		{EBC1D19C-48BC-45CE-B928-FC8CF0B9782C}.Debug|Any CPU.ActiveCfg = Debug|Any CPU
		{EBC1D19C-48BC-45CE-B928-FC8CF0B9782C}.Debug|Any CPU.Build.0 = Debug|Any CPU
		{EBC1D19C-48BC-45CE-B928-FC8CF0B9782C}.Release|Any CPU.ActiveCfg = Release|Any CPU
		{EBC1D19C-48BC-45CE-B928-FC8CF0B9782C}.Release|Any CPU.Build.0 = Release|Any CPU
		{296D227F-B752-4A74-BC67-60D9AA585F79}.Debug|Any CPU.ActiveCfg = Debug|Any CPU
		{296D227F-B752-4A74-BC67-60D9AA585F79}.Debug|Any CPU.Build.0 = Debug|Any CPU
		{296D227F-B752-4A74-BC67-60D9AA585F79}.Release|Any CPU.ActiveCfg = Release|Any CPU
		{296D227F-B752-4A74-BC67-60D9AA585F79}.Release|Any CPU.Build.0 = Release|Any CPU
		{856F7C34-C05E-4F26-9D7E-2F19DED574E1}.Debug|Any CPU.ActiveCfg = Debug|Any CPU
		{856F7C34-C05E-4F26-9D7E-2F19DED574E1}.Debug|Any CPU.Build.0 = Debug|Any CPU
		{856F7C34-C05E-4F26-9D7E-2F19DED574E1}.Release|Any CPU.ActiveCfg = Release|Any CPU
		{856F7C34-C05E-4F26-9D7E-2F19DED574E1}.Release|Any CPU.Build.0 = Release|Any CPU
	EndGlobalSection
	GlobalSection(SolutionProperties) = preSolution
		HideSolutionNode = FALSE
	EndGlobalSection
	GlobalSection(ExtensibilityGlobals) = postSolution
		SolutionGuid = {2A31362B-A2F1-4CE5-AB98-AC0630955441}
	EndGlobalSection
EndGlobal
